
Microsoft Visual Studio Solution File, Format Version 12.00
# Visual Studio Version 16
VisualStudioVersion = 16.0.32126.315
MinimumVisualStudioVersion = 10.0.40219.1
Project("{FAE04EC0-301F-11D3-BF4B-00C04F79EFBC}") = "Picture", "Picture\Picture.csproj", "{EA868EC7-E16A-43A8-9BBE-5C4AB7562940}"
EndProject
Global
	GlobalSection(SolutionConfigurationPlatforms) = preSolution
		Debug|Any CPU = Debug|Any CPU
		Release|Any CPU = Release|Any CPU
	EndGlobalSection
	GlobalSection(ProjectConfigurationPlatforms) = postSolution
		{EA868EC7-E16A-43A8-9BBE-5C4AB7562940}.Debug|Any CPU.ActiveCfg = Debug|Any CPU
		{EA868EC7-E16A-43A8-9BBE-5C4AB7562940}.Debug|Any CPU.Build.0 = Debug|Any CPU
		{EA868EC7-E16A-43A8-9BBE-5C4AB7562940}.Release|Any CPU.ActiveCfg = Release|Any CPU
		{EA868EC7-E16A-43A8-9BBE-5C4AB7562940}.Release|Any CPU.Build.0 = Release|Any CPU
	EndGlobalSection
	GlobalSection(SolutionProperties) = preSolution
		HideSolutionNode = FALSE
	EndGlobalSection
	GlobalSection(ExtensibilityGlobals) = postSolution
		SolutionGuid = {E2A096F5-EB43-4219-8F29-037DCDB07E00}
	EndGlobalSection
EndGlobal
